
Microsoft Visual Studio Solution File, Format Version 12.00
# 
Project("{2150E333-8FDC-42A3-9474-1A3956D46DE8}") = "Application", "Application", "{6BDEDAD1-6CC5-440C-B97C-32AB3611A958}"
EndProject
Project("{FAE04EC0-301F-11D3-BF4B-00C04F79EFBC}") = "Application.Produto", "Application\Application.Produto\Application.Produto.csproj", "{BD749D34-0BFD-4DB6-9FB6-DFDD49B2B06A}"
EndProject
Project("{2150E333-8FDC-42A3-9474-1A3956D46DE8}") = "Domain", "Domain", "{1799C0C2-57DE-4C65-BEE1-AF8B54D7FEBE}"
EndProject
Project("{FAE04EC0-301F-11D3-BF4B-00C04F79EFBC}") = "Domain.Produto", "Domain\Domain.Produto\Domain.Produto.csproj", "{C1A537A1-013B-4DF4-88FB-9644F2F49071}"
EndProject
Project("{2150E333-8FDC-42A3-9474-1A3956D46DE8}") = "Infra", "Infra", "{4E1D46C6-FE97-494B-8A52-6F3AC9F4DD9D}"
EndProject
Project("{2150E333-8FDC-42A3-9474-1A3956D46DE8}") = "Data", "Data", "{8720E975-B30A-4236-81A1-CE6284C55C9E}"
EndProject
Project("{FAE04EC0-301F-11D3-BF4B-00C04F79EFBC}") = "Infra.Data.Produto", "Infra\Data\Infra.Data.Produto\Infra.Data.Produto.csproj", "{65B86A66-0538-49F2-9153-501C50DE70D4}"
EndProject
Project("{2150E333-8FDC-42A3-9474-1A3956D46DE8}") = "IoC", "IoC", "{1ADCE216-2913-45AA-A198-910FAFBD3DA7}"
EndProject
Project("{FAE04EC0-301F-11D3-BF4B-00C04F79EFBC}") = "Infra.IoC.Produto", "Infra\IoC\Infra.IoC.Produto\Infra.IoC.Produto.csproj", "{69C0CB62-E7DA-4A3B-98CF-6BEEED5B158D}"
EndProject
Project("{2150E333-8FDC-42A3-9474-1A3956D46DE8}") = "Service", "Service", "{DA483890-3AA6-4BB8-B230-869031E6CB55}"
EndProject
Project("{FAE04EC0-301F-11D3-BF4B-00C04F79EFBC}") = "Service.Produto", "Service\Service.Produto\Service.Produto.csproj", "{649CC32F-5615-4AA7-B649-04FB7F29D657}"
EndProject
Global
	GlobalSection(SolutionConfigurationPlatforms) = preSolution
		Debug|Any CPU = Debug|Any CPU
		Release|Any CPU = Release|Any CPU
	EndGlobalSection
	GlobalSection(ProjectConfigurationPlatforms) = postSolution
		{BD749D34-0BFD-4DB6-9FB6-DFDD49B2B06A}.Debug|Any CPU.ActiveCfg = Debug|Any CPU
		{BD749D34-0BFD-4DB6-9FB6-DFDD49B2B06A}.Debug|Any CPU.Build.0 = Debug|Any CPU
		{BD749D34-0BFD-4DB6-9FB6-DFDD49B2B06A}.Release|Any CPU.ActiveCfg = Release|Any CPU
		{BD749D34-0BFD-4DB6-9FB6-DFDD49B2B06A}.Release|Any CPU.Build.0 = Release|Any CPU
		{C1A537A1-013B-4DF4-88FB-9644F2F49071}.Debug|Any CPU.ActiveCfg = Debug|Any CPU
		{C1A537A1-013B-4DF4-88FB-9644F2F49071}.Debug|Any CPU.Build.0 = Debug|Any CPU
		{C1A537A1-013B-4DF4-88FB-9644F2F49071}.Release|Any CPU.ActiveCfg = Release|Any CPU
		{C1A537A1-013B-4DF4-88FB-9644F2F49071}.Release|Any CPU.Build.0 = Release|Any CPU
		{65B86A66-0538-49F2-9153-501C50DE70D4}.Debug|Any CPU.ActiveCfg = Debug|Any CPU
		{65B86A66-0538-49F2-9153-501C50DE70D4}.Debug|Any CPU.Build.0 = Debug|Any CPU
		{65B86A66-0538-49F2-9153-501C50DE70D4}.Release|Any CPU.ActiveCfg = Release|Any CPU
		{65B86A66-0538-49F2-9153-501C50DE70D4}.Release|Any CPU.Build.0 = Release|Any CPU
		{69C0CB62-E7DA-4A3B-98CF-6BEEED5B158D}.Debug|Any CPU.ActiveCfg = Debug|Any CPU
		{69C0CB62-E7DA-4A3B-98CF-6BEEED5B158D}.Debug|Any CPU.Build.0 = Debug|Any CPU
		{69C0CB62-E7DA-4A3B-98CF-6BEEED5B158D}.Release|Any CPU.ActiveCfg = Release|Any CPU
		{69C0CB62-E7DA-4A3B-98CF-6BEEED5B158D}.Release|Any CPU.Build.0 = Release|Any CPU
		{649CC32F-5615-4AA7-B649-04FB7F29D657}.Debug|Any CPU.ActiveCfg = Debug|Any CPU
		{649CC32F-5615-4AA7-B649-04FB7F29D657}.Debug|Any CPU.Build.0 = Debug|Any CPU
		{649CC32F-5615-4AA7-B649-04FB7F29D657}.Release|Any CPU.ActiveCfg = Release|Any CPU
		{649CC32F-5615-4AA7-B649-04FB7F29D657}.Release|Any CPU.Build.0 = Release|Any CPU
	EndGlobalSection
	GlobalSection(NestedProjects) = preSolution
		{BD749D34-0BFD-4DB6-9FB6-DFDD49B2B06A} = {6BDEDAD1-6CC5-440C-B97C-32AB3611A958}
		{C1A537A1-013B-4DF4-88FB-9644F2F49071} = {1799C0C2-57DE-4C65-BEE1-AF8B54D7FEBE}
		{8720E975-B30A-4236-81A1-CE6284C55C9E} = {4E1D46C6-FE97-494B-8A52-6F3AC9F4DD9D}
		{65B86A66-0538-49F2-9153-501C50DE70D4} = {8720E975-B30A-4236-81A1-CE6284C55C9E}
		{1ADCE216-2913-45AA-A198-910FAFBD3DA7} = {4E1D46C6-FE97-494B-8A52-6F3AC9F4DD9D}
		{69C0CB62-E7DA-4A3B-98CF-6BEEED5B158D} = {1ADCE216-2913-45AA-A198-910FAFBD3DA7}
		{649CC32F-5615-4AA7-B649-04FB7F29D657} = {DA483890-3AA6-4BB8-B230-869031E6CB55}
	EndGlobalSection
EndGlobal
